
Microsoft Visual Studio Solution File, Format Version 12.00
# Visual Studio Version 16
VisualStudioVersion = 16.0.33328.57
MinimumVisualStudioVersion = 10.0.40219.1
Project("{F184B08F-C81C-45F6-A57F-5ABD9991F28F}") = "My_Calculator", "My_Calculator\My_Calculator.vbproj", "{AE0124D7-2166-4FE4-96C7-8533CDC93021}"
EndProject
Project("{2150E333-8FDC-42A3-9474-1A3956D46DE8}") = "Solution Items", "Solution Items", "{20053454-E4F2-4490-AEBB-54B9918E320C}"
	ProjectSection(SolutionItems) = preProject
		.editorconfig = .editorconfig
	EndProjectSection
EndProject
Global
	GlobalSection(SolutionConfigurationPlatforms) = preSolution
		Debug|Any CPU = Debug|Any CPU
		Release|Any CPU = Release|Any CPU
	EndGlobalSection
	GlobalSection(ProjectConfigurationPlatforms) = postSolution
		{AE0124D7-2166-4FE4-96C7-8533CDC93021}.Debug|Any CPU.ActiveCfg = Debug|Any CPU
		{AE0124D7-2166-4FE4-96C7-8533CDC93021}.Debug|Any CPU.Build.0 = Debug|Any CPU
		{AE0124D7-2166-4FE4-96C7-8533CDC93021}.Release|Any CPU.ActiveCfg = Release|Any CPU
		{AE0124D7-2166-4FE4-96C7-8533CDC93021}.Release|Any CPU.Build.0 = Release|Any CPU
	EndGlobalSection
	GlobalSection(SolutionProperties) = preSolution
		HideSolutionNode = FALSE
	EndGlobalSection
	GlobalSection(ExtensibilityGlobals) = postSolution
		SolutionGuid = {59E92194-9E40-4FC8-AA22-BFF6D746FD9B}
	EndGlobalSection
EndGlobal
